// !$*UTF8*$!
{
	archiveVersion = 1;
	classes = {
	};
	objectVersion = 56;
	objects = {

/* Begin PBXBuildFile section */
		CB0854B82C1404710088E87D /* AuthorizationViewModel.swift in Sources */ = {isa = PBXBuildFile; fileRef = CB0854B72C1404710088E87D /* AuthorizationViewModel.swift */; };
		CB0854BC2C14D58E0088E87D /* AuthorizationWebView.swift in Sources */ = {isa = PBXBuildFile; fileRef = CB0854BB2C14D58E0088E87D /* AuthorizationWebView.swift */; };
		CB0854BE2C14F0580088E87D /* SignInButton.swift in Sources */ = {isa = PBXBuildFile; fileRef = CB0854BD2C14F0580088E87D /* SignInButton.swift */; };
		CB0854C32C15583A0088E87D /* RealmDatabase.swift in Sources */ = {isa = PBXBuildFile; fileRef = CB0854C22C15583A0088E87D /* RealmDatabase.swift */; };
		CB0854C72C15723C0088E87D /* SpotifyAPI.swift in Sources */ = {isa = PBXBuildFile; fileRef = CB0854C62C15723C0088E87D /* SpotifyAPI.swift */; };
		CB0854C92C1573D10088E87D /* Constants.swift in Sources */ = {isa = PBXBuildFile; fileRef = CB0854C82C1573D10088E87D /* Constants.swift */; };
		CB0854CB2C1574FE0088E87D /* SpotifyProfile.swift in Sources */ = {isa = PBXBuildFile; fileRef = CB0854CA2C1574FE0088E87D /* SpotifyProfile.swift */; };
		CB3417FB2C180D3D00BE70A8 /* SpotifyAPIError.swift in Sources */ = {isa = PBXBuildFile; fileRef = CB3417FA2C180D3D00BE70A8 /* SpotifyAPIError.swift */; };
		CB3417FF2C1BDBC800BE70A8 /* ProfileView.swift in Sources */ = {isa = PBXBuildFile; fileRef = CB3417FE2C1BDBC800BE70A8 /* ProfileView.swift */; };
		CB3724972C3B27CA004883D1 /* ProfileDetails.swift in Sources */ = {isa = PBXBuildFile; fileRef = CB3724962C3B27CA004883D1 /* ProfileDetails.swift */; };
		CB37249A2C3B2AAF004883D1 /* ProfileViewModel.swift in Sources */ = {isa = PBXBuildFile; fileRef = CB3724992C3B2AA8004883D1 /* ProfileViewModel.swift */; };
		CB3B617F2C1BDFB00088DFA1 /* PageTitle.swift in Sources */ = {isa = PBXBuildFile; fileRef = CB3B617E2C1BDFB00088DFA1 /* PageTitle.swift */; };
		CB3B61812C1F83AE0088DFA1 /* AuthenticatedView.swift in Sources */ = {isa = PBXBuildFile; fileRef = CB3B61802C1F83AE0088DFA1 /* AuthenticatedView.swift */; };
		CB59BCB52C2FA08D0061C99B /* ListeningActivityCard.swift in Sources */ = {isa = PBXBuildFile; fileRef = CB59BCB42C2FA08D0061C99B /* ListeningActivityCard.swift */; };
		CB59BCB72C2FAB890061C99B /* ProfileImage.swift in Sources */ = {isa = PBXBuildFile; fileRef = CB59BCB62C2FAB890061C99B /* ProfileImage.swift */; };
		CB59BCBF2C2FAFB30061C99B /* AlbumCover.swift in Sources */ = {isa = PBXBuildFile; fileRef = CB59BCBE2C2FAFB30061C99B /* AlbumCover.swift */; };
		CB59BCC92C30A5370061C99B /* UIImageColors in Frameworks */ = {isa = PBXBuildFile; productRef = CB59BCC82C30A5370061C99B /* UIImageColors */; };
		CB59BCCE2C30BA470061C99B /* ImageUtils.swift in Sources */ = {isa = PBXBuildFile; fileRef = CB59BCCD2C30BA420061C99B /* ImageUtils.swift */; };
		CB59BCD02C30FA360061C99B /* RotatingSyncIcon.swift in Sources */ = {isa = PBXBuildFile; fileRef = CB59BCCF2C30FA360061C99B /* RotatingSyncIcon.swift */; };
		CB7C05A22C0EAB3B001A0062 /* AuthErrors.swift in Sources */ = {isa = PBXBuildFile; fileRef = CB7C05A12C0EAB3B001A0062 /* AuthErrors.swift */; };
		CB7C05A42C0EB4DB001A0062 /* Utils.swift in Sources */ = {isa = PBXBuildFile; fileRef = CB7C05A32C0EB4DB001A0062 /* Utils.swift */; };
		CB7C05A92C0EBB25001A0062 /* User.swift in Sources */ = {isa = PBXBuildFile; fileRef = CB7C05A82C0EBB25001A0062 /* User.swift */; };
		CB7C05AD2C0EEEA2001A0062 /* AuthorizationConstants.swift in Sources */ = {isa = PBXBuildFile; fileRef = CB7C05AC2C0EEEA2001A0062 /* AuthorizationConstants.swift */; };
		CB7C05B02C0EEF7F001A0062 /* Types.swift in Sources */ = {isa = PBXBuildFile; fileRef = CB7C05AF2C0EEF7E001A0062 /* Types.swift */; };
		CB7C05B32C1191BA001A0062 /* AuthorizationDeniedView.swift in Sources */ = {isa = PBXBuildFile; fileRef = CB7C05B22C1191BA001A0062 /* AuthorizationDeniedView.swift */; };
		CB7C05B52C1191EC001A0062 /* UnauthenticatedView.swift in Sources */ = {isa = PBXBuildFile; fileRef = CB7C05B42C1191EC001A0062 /* UnauthenticatedView.swift */; };
		CB7C05B82C128AC4001A0062 /* RealmSwift in Frameworks */ = {isa = PBXBuildFile; productRef = CB7C05B72C128AC4001A0062 /* RealmSwift */; };
		CB7C05B92C128B7E001A0062 /* RealmSwift in Embed Frameworks */ = {isa = PBXBuildFile; productRef = CB7C05B72C128AC4001A0062 /* RealmSwift */; settings = {ATTRIBUTES = (CodeSignOnCopy, ); }; };
		CB875CAC2C313494001B364D /* GetListOfUsersFriends.swift in Sources */ = {isa = PBXBuildFile; fileRef = CB875CAB2C31348A001B364D /* GetListOfUsersFriends.swift */; };
		CB875CAE2C31507E001B364D /* FriendActivityViewModel.swift in Sources */ = {isa = PBXBuildFile; fileRef = CB875CAD2C315073001B364D /* FriendActivityViewModel.swift */; };
		CB875CB22C33C4D6001B364D /* UserMock.swift in Sources */ = {isa = PBXBuildFile; fileRef = CB875CB12C33C4D3001B364D /* UserMock.swift */; };
		CB875CB52C35195E001B364D /* SpotifyProfileMock.swift in Sources */ = {isa = PBXBuildFile; fileRef = CB875CB42C351958001B364D /* SpotifyProfileMock.swift */; };
		CB875CB72C35220C001B364D /* AlbumMock.swift in Sources */ = {isa = PBXBuildFile; fileRef = CB875CB62C352208001B364D /* AlbumMock.swift */; };
		CB875CB92C3524B4001B364D /* TrackMock.swift in Sources */ = {isa = PBXBuildFile; fileRef = CB875CB82C352499001B364D /* TrackMock.swift */; };
		CB875CBB2C3525C3001B364D /* ArtistMock.swift in Sources */ = {isa = PBXBuildFile; fileRef = CB875CBA2C3525C0001B364D /* ArtistMock.swift */; };
		CB875CBD2C352652001B364D /* TrackContextMock.swift in Sources */ = {isa = PBXBuildFile; fileRef = CB875CBC2C35264F001B364D /* TrackContextMock.swift */; };
		CB875CC02C352A4E001B364D /* ListeningActivityCardMock.swift in Sources */ = {isa = PBXBuildFile; fileRef = CB875CBF2C352A48001B364D /* ListeningActivityCardMock.swift */; };
		CB8D3C2E2C0D28C000C493E8 /* CodeChallenge.swift in Sources */ = {isa = PBXBuildFile; fileRef = CB8D3C2D2C0D28C000C493E8 /* CodeChallenge.swift */; };
		CB9A9AAB2C0BB13E0073817C /* spotifriendsApp.swift in Sources */ = {isa = PBXBuildFile; fileRef = CB9A9AAA2C0BB13E0073817C /* spotifriendsApp.swift */; };
		CB9A9AAD2C0BB13E0073817C /* RootView.swift in Sources */ = {isa = PBXBuildFile; fileRef = CB9A9AAC2C0BB13E0073817C /* RootView.swift */; };
		CB9A9AAF2C0BB13F0073817C /* Assets.xcassets in Resources */ = {isa = PBXBuildFile; fileRef = CB9A9AAE2C0BB13F0073817C /* Assets.xcassets */; };
		CB9A9AB22C0BB13F0073817C /* Preview Assets.xcassets in Resources */ = {isa = PBXBuildFile; fileRef = CB9A9AB12C0BB13F0073817C /* Preview Assets.xcassets */; };
		CB9A9ADA2C0BE2EE0073817C /* ColourExtension.swift in Sources */ = {isa = PBXBuildFile; fileRef = CB9A9AD92C0BE2EE0073817C /* ColourExtension.swift */; };
		CB9A9ADC2C0BEC080073817C /* FriendActivityView.swift in Sources */ = {isa = PBXBuildFile; fileRef = CB9A9ADB2C0BEC080073817C /* FriendActivityView.swift */; };
		CB9A9AE02C0C22D70073817C /* SpotifyAuth.swift in Sources */ = {isa = PBXBuildFile; fileRef = CB9A9ADF2C0C22D70073817C /* SpotifyAuth.swift */; };
		CBC75F522C3673DF00442795 /* TimeUtils.swift in Sources */ = {isa = PBXBuildFile; fileRef = CBC75F512C3673DB00442795 /* TimeUtils.swift */; };
		CBC75F562C36770500442795 /* ListeningActivityDetails.swift in Sources */ = {isa = PBXBuildFile; fileRef = CBC75F552C36770500442795 /* ListeningActivityDetails.swift */; };
		CBC75F582C37A6B200442795 /* TrackTimestampView.swift in Sources */ = {isa = PBXBuildFile; fileRef = CBC75F572C37A6B200442795 /* TrackTimestampView.swift */; };
/* End PBXBuildFile section */

/* Begin PBXCopyFilesBuildPhase section */
		CB7C05BA2C128B7E001A0062 /* Embed Frameworks */ = {
			isa = PBXCopyFilesBuildPhase;
			buildActionMask = 2147483647;
			dstPath = "";
			dstSubfolderSpec = 10;
			files = (
				CB7C05B92C128B7E001A0062 /* RealmSwift in Embed Frameworks */,
			);
			name = "Embed Frameworks";
			runOnlyForDeploymentPostprocessing = 0;
		};
/* End PBXCopyFilesBuildPhase section */

/* Begin PBXFileReference section */
		CB0854B72C1404710088E87D /* AuthorizationViewModel.swift */ = {isa = PBXFileReference; lastKnownFileType = sourcecode.swift; path = AuthorizationViewModel.swift; sourceTree = "<group>"; };
		CB0854BB2C14D58E0088E87D /* AuthorizationWebView.swift */ = {isa = PBXFileReference; lastKnownFileType = sourcecode.swift; path = AuthorizationWebView.swift; sourceTree = "<group>"; };
		CB0854BD2C14F0580088E87D /* SignInButton.swift */ = {isa = PBXFileReference; lastKnownFileType = sourcecode.swift; path = SignInButton.swift; sourceTree = "<group>"; };
		CB0854C22C15583A0088E87D /* RealmDatabase.swift */ = {isa = PBXFileReference; lastKnownFileType = sourcecode.swift; path = RealmDatabase.swift; sourceTree = "<group>"; };
		CB0854C62C15723C0088E87D /* SpotifyAPI.swift */ = {isa = PBXFileReference; lastKnownFileType = sourcecode.swift; path = SpotifyAPI.swift; sourceTree = "<group>"; };
		CB0854C82C1573D10088E87D /* Constants.swift */ = {isa = PBXFileReference; lastKnownFileType = sourcecode.swift; path = Constants.swift; sourceTree = "<group>"; };
		CB0854CA2C1574FE0088E87D /* SpotifyProfile.swift */ = {isa = PBXFileReference; lastKnownFileType = sourcecode.swift; path = SpotifyProfile.swift; sourceTree = "<group>"; };
		CB3417FA2C180D3D00BE70A8 /* SpotifyAPIError.swift */ = {isa = PBXFileReference; lastKnownFileType = sourcecode.swift; path = SpotifyAPIError.swift; sourceTree = "<group>"; };
		CB3417FE2C1BDBC800BE70A8 /* ProfileView.swift */ = {isa = PBXFileReference; lastKnownFileType = sourcecode.swift; path = ProfileView.swift; sourceTree = "<group>"; };
		CB3724962C3B27CA004883D1 /* ProfileDetails.swift */ = {isa = PBXFileReference; lastKnownFileType = sourcecode.swift; path = ProfileDetails.swift; sourceTree = "<group>"; };
		CB3724992C3B2AA8004883D1 /* ProfileViewModel.swift */ = {isa = PBXFileReference; lastKnownFileType = sourcecode.swift; path = ProfileViewModel.swift; sourceTree = "<group>"; };
		CB3B617E2C1BDFB00088DFA1 /* PageTitle.swift */ = {isa = PBXFileReference; lastKnownFileType = sourcecode.swift; path = PageTitle.swift; sourceTree = "<group>"; };
		CB3B61802C1F83AE0088DFA1 /* AuthenticatedView.swift */ = {isa = PBXFileReference; lastKnownFileType = sourcecode.swift; path = AuthenticatedView.swift; sourceTree = "<group>"; };
		CB59BCB42C2FA08D0061C99B /* ListeningActivityCard.swift */ = {isa = PBXFileReference; lastKnownFileType = sourcecode.swift; path = ListeningActivityCard.swift; sourceTree = "<group>"; };
		CB59BCB62C2FAB890061C99B /* ProfileImage.swift */ = {isa = PBXFileReference; lastKnownFileType = sourcecode.swift; path = ProfileImage.swift; sourceTree = "<group>"; };
		CB59BCBE2C2FAFB30061C99B /* AlbumCover.swift */ = {isa = PBXFileReference; lastKnownFileType = sourcecode.swift; path = AlbumCover.swift; sourceTree = "<group>"; };
		CB59BCCD2C30BA420061C99B /* ImageUtils.swift */ = {isa = PBXFileReference; lastKnownFileType = sourcecode.swift; path = ImageUtils.swift; sourceTree = "<group>"; };
		CB59BCCF2C30FA360061C99B /* RotatingSyncIcon.swift */ = {isa = PBXFileReference; lastKnownFileType = sourcecode.swift; path = RotatingSyncIcon.swift; sourceTree = "<group>"; };
		CB7C05A12C0EAB3B001A0062 /* AuthErrors.swift */ = {isa = PBXFileReference; lastKnownFileType = sourcecode.swift; path = AuthErrors.swift; sourceTree = "<group>"; };
		CB7C05A32C0EB4DB001A0062 /* Utils.swift */ = {isa = PBXFileReference; lastKnownFileType = sourcecode.swift; path = Utils.swift; sourceTree = "<group>"; };
		CB7C05A82C0EBB25001A0062 /* User.swift */ = {isa = PBXFileReference; lastKnownFileType = sourcecode.swift; path = User.swift; sourceTree = "<group>"; };
		CB7C05AC2C0EEEA2001A0062 /* AuthorizationConstants.swift */ = {isa = PBXFileReference; lastKnownFileType = sourcecode.swift; path = AuthorizationConstants.swift; sourceTree = "<group>"; };
		CB7C05AF2C0EEF7E001A0062 /* Types.swift */ = {isa = PBXFileReference; lastKnownFileType = sourcecode.swift; path = Types.swift; sourceTree = "<group>"; };
		CB7C05B22C1191BA001A0062 /* AuthorizationDeniedView.swift */ = {isa = PBXFileReference; lastKnownFileType = sourcecode.swift; path = AuthorizationDeniedView.swift; sourceTree = "<group>"; };
		CB7C05B42C1191EC001A0062 /* UnauthenticatedView.swift */ = {isa = PBXFileReference; lastKnownFileType = sourcecode.swift; path = UnauthenticatedView.swift; sourceTree = "<group>"; };
		CB875CAB2C31348A001B364D /* GetListOfUsersFriends.swift */ = {isa = PBXFileReference; lastKnownFileType = sourcecode.swift; path = GetListOfUsersFriends.swift; sourceTree = "<group>"; };
		CB875CAD2C315073001B364D /* FriendActivityViewModel.swift */ = {isa = PBXFileReference; lastKnownFileType = sourcecode.swift; path = FriendActivityViewModel.swift; sourceTree = "<group>"; };
		CB875CB12C33C4D3001B364D /* UserMock.swift */ = {isa = PBXFileReference; lastKnownFileType = sourcecode.swift; path = UserMock.swift; sourceTree = "<group>"; };
		CB875CB42C351958001B364D /* SpotifyProfileMock.swift */ = {isa = PBXFileReference; lastKnownFileType = sourcecode.swift; path = SpotifyProfileMock.swift; sourceTree = "<group>"; };
		CB875CB62C352208001B364D /* AlbumMock.swift */ = {isa = PBXFileReference; lastKnownFileType = sourcecode.swift; path = AlbumMock.swift; sourceTree = "<group>"; };
		CB875CB82C352499001B364D /* TrackMock.swift */ = {isa = PBXFileReference; lastKnownFileType = sourcecode.swift; path = TrackMock.swift; sourceTree = "<group>"; };
		CB875CBA2C3525C0001B364D /* ArtistMock.swift */ = {isa = PBXFileReference; lastKnownFileType = sourcecode.swift; path = ArtistMock.swift; sourceTree = "<group>"; };
		CB875CBC2C35264F001B364D /* TrackContextMock.swift */ = {isa = PBXFileReference; lastKnownFileType = sourcecode.swift; path = TrackContextMock.swift; sourceTree = "<group>"; };
		CB875CBF2C352A48001B364D /* ListeningActivityCardMock.swift */ = {isa = PBXFileReference; lastKnownFileType = sourcecode.swift; path = ListeningActivityCardMock.swift; sourceTree = "<group>"; };
		CB8D3C2C2C0D1E5000C493E8 /* Info.plist */ = {isa = PBXFileReference; lastKnownFileType = text.plist; path = Info.plist; sourceTree = "<group>"; };
		CB8D3C2D2C0D28C000C493E8 /* CodeChallenge.swift */ = {isa = PBXFileReference; lastKnownFileType = sourcecode.swift; path = CodeChallenge.swift; sourceTree = "<group>"; };
		CB9A9AA72C0BB13E0073817C /* spoti-friends.app */ = {isa = PBXFileReference; explicitFileType = wrapper.application; includeInIndex = 0; path = "spoti-friends.app"; sourceTree = BUILT_PRODUCTS_DIR; };
		CB9A9AAA2C0BB13E0073817C /* spotifriendsApp.swift */ = {isa = PBXFileReference; lastKnownFileType = sourcecode.swift; path = spotifriendsApp.swift; sourceTree = "<group>"; };
		CB9A9AAC2C0BB13E0073817C /* RootView.swift */ = {isa = PBXFileReference; lastKnownFileType = sourcecode.swift; path = RootView.swift; sourceTree = "<group>"; };
		CB9A9AAE2C0BB13F0073817C /* Assets.xcassets */ = {isa = PBXFileReference; lastKnownFileType = folder.assetcatalog; path = Assets.xcassets; sourceTree = "<group>"; };
		CB9A9AB12C0BB13F0073817C /* Preview Assets.xcassets */ = {isa = PBXFileReference; lastKnownFileType = folder.assetcatalog; path = "Preview Assets.xcassets"; sourceTree = "<group>"; };
		CB9A9AD92C0BE2EE0073817C /* ColourExtension.swift */ = {isa = PBXFileReference; lastKnownFileType = sourcecode.swift; path = ColourExtension.swift; sourceTree = "<group>"; };
		CB9A9ADB2C0BEC080073817C /* FriendActivityView.swift */ = {isa = PBXFileReference; lastKnownFileType = sourcecode.swift; path = FriendActivityView.swift; sourceTree = "<group>"; };
		CB9A9ADF2C0C22D70073817C /* SpotifyAuth.swift */ = {isa = PBXFileReference; lastKnownFileType = sourcecode.swift; path = SpotifyAuth.swift; sourceTree = "<group>"; };
		CBC75F512C3673DB00442795 /* TimeUtils.swift */ = {isa = PBXFileReference; lastKnownFileType = sourcecode.swift; path = TimeUtils.swift; sourceTree = "<group>"; };
		CBC75F552C36770500442795 /* ListeningActivityDetails.swift */ = {isa = PBXFileReference; lastKnownFileType = sourcecode.swift; path = ListeningActivityDetails.swift; sourceTree = "<group>"; };
		CBC75F572C37A6B200442795 /* TrackTimestampView.swift */ = {isa = PBXFileReference; lastKnownFileType = sourcecode.swift; path = TrackTimestampView.swift; sourceTree = "<group>"; };
/* End PBXFileReference section */

/* Begin PBXFrameworksBuildPhase section */
		CB9A9AA42C0BB13E0073817C /* Frameworks */ = {
			isa = PBXFrameworksBuildPhase;
			buildActionMask = 2147483647;
			files = (
				CB59BCC92C30A5370061C99B /* UIImageColors in Frameworks */,
				CB7C05B82C128AC4001A0062 /* RealmSwift in Frameworks */,
			);
			runOnlyForDeploymentPostprocessing = 0;
		};
/* End PBXFrameworksBuildPhase section */

/* Begin PBXGroup section */
		CB0854BF2C14F5030088E87D /* viewModels */ = {
			isa = PBXGroup;
			children = (
				CB0854B72C1404710088E87D /* AuthorizationViewModel.swift */,
			);
			path = viewModels;
			sourceTree = "<group>";
		};
		CB0854C02C14F5250088E87D /* common */ = {
			isa = PBXGroup;
			children = (
				CB0854C12C1558260088E87D /* realm */,
				CB0854C42C155C510088E87D /* views */,
				CB7C05A72C0EBB18001A0062 /* models */,
				CB7C05A52C0EB8A2001A0062 /* utils */,
			);
			path = common;
			sourceTree = "<group>";
		};
		CB0854C12C1558260088E87D /* realm */ = {
			isa = PBXGroup;
			children = (
				CB0854C22C15583A0088E87D /* RealmDatabase.swift */,
			);
			path = realm;
			sourceTree = "<group>";
		};
		CB0854C42C155C510088E87D /* views */ = {
			isa = PBXGroup;
			children = (
				CB9A9AAC2C0BB13E0073817C /* RootView.swift */,
				CB3B617E2C1BDFB00088DFA1 /* PageTitle.swift */,
				CB3B61802C1F83AE0088DFA1 /* AuthenticatedView.swift */,
				CB59BCCF2C30FA360061C99B /* RotatingSyncIcon.swift */,
			);
			path = views;
			sourceTree = "<group>";
		};
		CB0854C52C1572270088E87D /* spotifyAPI */ = {
			isa = PBXGroup;
			children = (
				CB20CA0C2C3B40F000A8C14E /* utils */,
				CB3417F72C17FC1800BE70A8 /* helpers */,
				CB0854C62C15723C0088E87D /* SpotifyAPI.swift */,
			);
			path = spotifyAPI;
			sourceTree = "<group>";
		};
		CB20CA0C2C3B40F000A8C14E /* utils */ = {
			isa = PBXGroup;
			children = (
				CB0854C82C1573D10088E87D /* Constants.swift */,
				CB3417FA2C180D3D00BE70A8 /* SpotifyAPIError.swift */,
			);
			path = utils;
			sourceTree = "<group>";
		};
		CB3417F72C17FC1800BE70A8 /* helpers */ = {
			isa = PBXGroup;
			children = (
				CB875CAB2C31348A001B364D /* GetListOfUsersFriends.swift */,
			);
			path = helpers;
			sourceTree = "<group>";
		};
		CB3417FC2C1BDB9A00BE70A8 /* profile */ = {
			isa = PBXGroup;
			children = (
				CB3724982C3B2A99004883D1 /* viewModels */,
				CB3417FD2C1BDBB300BE70A8 /* views */,
			);
			path = profile;
			sourceTree = "<group>";
		};
		CB3417FD2C1BDBB300BE70A8 /* views */ = {
			isa = PBXGroup;
			children = (
				CB3417FE2C1BDBC800BE70A8 /* ProfileView.swift */,
				CB3724962C3B27CA004883D1 /* ProfileDetails.swift */,
			);
			path = views;
			sourceTree = "<group>";
		};
		CB3418002C1BDC2100BE70A8 /* Frameworks */ = {
			isa = PBXGroup;
			children = (
			);
			name = Frameworks;
			sourceTree = "<group>";
		};
		CB3724982C3B2A99004883D1 /* viewModels */ = {
			isa = PBXGroup;
			children = (
				CB3724992C3B2AA8004883D1 /* ProfileViewModel.swift */,
			);
			path = viewModels;
			sourceTree = "<group>";
		};
		CB59BCB22C2F9EF20061C99B /* views */ = {
			isa = PBXGroup;
			children = (
				CB9A9ADB2C0BEC080073817C /* FriendActivityView.swift */,
				CB59BCB42C2FA08D0061C99B /* ListeningActivityCard.swift */,
				CBC75F552C36770500442795 /* ListeningActivityDetails.swift */,
				CBC75F572C37A6B200442795 /* TrackTimestampView.swift */,
			);
			path = views;
			sourceTree = "<group>";
		};
		CB59BCBB2C2FAED50061C99B /* views */ = {
			isa = PBXGroup;
			children = (
				CB59BCB62C2FAB890061C99B /* ProfileImage.swift */,
				CB59BCBE2C2FAFB30061C99B /* AlbumCover.swift */,
			);
			path = views;
			sourceTree = "<group>";
		};
		CB59BCBC2C2FAED50061C99B /* spotify */ = {
			isa = PBXGroup;
			children = (
				CB0854C52C1572270088E87D /* spotifyAPI */,
				CB59BCBD2C2FAF7F0061C99B /* models */,
				CB59BCBB2C2FAED50061C99B /* views */,
			);
			path = spotify;
			sourceTree = "<group>";
		};
		CB59BCBD2C2FAF7F0061C99B /* models */ = {
			isa = PBXGroup;
			children = (
				CB875CB32C35194A001B364D /* mocked */,
				CB0854CA2C1574FE0088E87D /* SpotifyProfile.swift */,
			);
			path = models;
			sourceTree = "<group>";
		};
		CB59BCCA2C30B1E20061C99B /* viewModels */ = {
			isa = PBXGroup;
			children = (
				CB875CAD2C315073001B364D /* FriendActivityViewModel.swift */,
			);
			path = viewModels;
			sourceTree = "<group>";
		};
		CB7C05A52C0EB8A2001A0062 /* utils */ = {
			isa = PBXGroup;
			children = (
				CB59BCCD2C30BA420061C99B /* ImageUtils.swift */,
				CBC75F512C3673DB00442795 /* TimeUtils.swift */,
				CB9A9AD92C0BE2EE0073817C /* ColourExtension.swift */,
				CB7C05A32C0EB4DB001A0062 /* Utils.swift */,
			);
			path = utils;
			sourceTree = "<group>";
		};
		CB7C05A62C0EB8F0001A0062 /* friendActivity */ = {
			isa = PBXGroup;
			children = (
				CB875CBE2C352A3E001B364D /* mocked */,
				CB59BCCA2C30B1E20061C99B /* viewModels */,
				CB59BCB22C2F9EF20061C99B /* views */,
			);
			path = friendActivity;
			sourceTree = "<group>";
		};
		CB7C05A72C0EBB18001A0062 /* models */ = {
			isa = PBXGroup;
			children = (
				CB875CB02C33C4C7001B364D /* mocked */,
				CB7C05A82C0EBB25001A0062 /* User.swift */,
				CB7C05AF2C0EEF7E001A0062 /* Types.swift */,
			);
			path = models;
			sourceTree = "<group>";
		};
		CB7C05AE2C0EEF2D001A0062 /* utils */ = {
			isa = PBXGroup;
			children = (
				CB7C05A12C0EAB3B001A0062 /* AuthErrors.swift */,
				CB7C05AC2C0EEEA2001A0062 /* AuthorizationConstants.swift */,
			);
			path = utils;
			sourceTree = "<group>";
		};
		CB7C05B12C1191A7001A0062 /* views */ = {
			isa = PBXGroup;
			children = (
				CB7C05B22C1191BA001A0062 /* AuthorizationDeniedView.swift */,
				CB7C05B42C1191EC001A0062 /* UnauthenticatedView.swift */,
				CB0854BB2C14D58E0088E87D /* AuthorizationWebView.swift */,
				CB0854BD2C14F0580088E87D /* SignInButton.swift */,
			);
			path = views;
			sourceTree = "<group>";
		};
		CB875CB02C33C4C7001B364D /* mocked */ = {
			isa = PBXGroup;
			children = (
				CB875CB12C33C4D3001B364D /* UserMock.swift */,
			);
			path = mocked;
			sourceTree = "<group>";
		};
		CB875CB32C35194A001B364D /* mocked */ = {
			isa = PBXGroup;
			children = (
				CB875CBC2C35264F001B364D /* TrackContextMock.swift */,
				CB875CBA2C3525C0001B364D /* ArtistMock.swift */,
				CB875CB82C352499001B364D /* TrackMock.swift */,
				CB875CB62C352208001B364D /* AlbumMock.swift */,
				CB875CB42C351958001B364D /* SpotifyProfileMock.swift */,
			);
			path = mocked;
			sourceTree = "<group>";
		};
		CB875CBE2C352A3E001B364D /* mocked */ = {
			isa = PBXGroup;
			children = (
				CB875CBF2C352A48001B364D /* ListeningActivityCardMock.swift */,
			);
			path = mocked;
			sourceTree = "<group>";
		};
		CB9A9A9E2C0BB13E0073817C = {
			isa = PBXGroup;
			children = (
				CB9A9AA92C0BB13E0073817C /* spoti-friends */,
				CB9A9AA82C0BB13E0073817C /* Products */,
				CB3418002C1BDC2100BE70A8 /* Frameworks */,
			);
			sourceTree = "<group>";
		};
		CB9A9AA82C0BB13E0073817C /* Products */ = {
			isa = PBXGroup;
			children = (
				CB9A9AA72C0BB13E0073817C /* spoti-friends.app */,
			);
			name = Products;
			sourceTree = "<group>";
		};
		CB9A9AA92C0BB13E0073817C /* spoti-friends */ = {
			isa = PBXGroup;
			children = (
				CB8D3C2C2C0D1E5000C493E8 /* Info.plist */,
				CB9A9ADD2C0BEC170073817C /* src */,
				CB9A9AAE2C0BB13F0073817C /* Assets.xcassets */,
				CB9A9AB02C0BB13F0073817C /* Preview Content */,
			);
			path = "spoti-friends";
			sourceTree = "<group>";
		};
		CB9A9AB02C0BB13F0073817C /* Preview Content */ = {
			isa = PBXGroup;
			children = (
				CB9A9AB12C0BB13F0073817C /* Preview Assets.xcassets */,
			);
			path = "Preview Content";
			sourceTree = "<group>";
		};
		CB9A9ADD2C0BEC170073817C /* src */ = {
			isa = PBXGroup;
			children = (
				CB59BCBC2C2FAED50061C99B /* spotify */,
				CB3417FC2C1BDB9A00BE70A8 /* profile */,
				CB0854C02C14F5250088E87D /* common */,
				CB7C05A62C0EB8F0001A0062 /* friendActivity */,
				CB9A9ADE2C0C22620073817C /* auth */,
				CB9A9AAA2C0BB13E0073817C /* spotifriendsApp.swift */,
			);
			path = src;
			sourceTree = "<group>";
		};
		CB9A9ADE2C0C22620073817C /* auth */ = {
			isa = PBXGroup;
			children = (
				CB0854BF2C14F5030088E87D /* viewModels */,
				CB7C05B12C1191A7001A0062 /* views */,
				CB7C05AE2C0EEF2D001A0062 /* utils */,
				CB9A9ADF2C0C22D70073817C /* SpotifyAuth.swift */,
				CB8D3C2D2C0D28C000C493E8 /* CodeChallenge.swift */,
			);
			path = auth;
			sourceTree = "<group>";
		};
/* End PBXGroup section */

/* Begin PBXNativeTarget section */
		CB9A9AA62C0BB13E0073817C /* spoti-friends */ = {
			isa = PBXNativeTarget;
			buildConfigurationList = CB9A9AD02C0BB13F0073817C /* Build configuration list for PBXNativeTarget "spoti-friends" */;
			buildPhases = (
				CB9A9AA32C0BB13E0073817C /* Sources */,
				CB9A9AA42C0BB13E0073817C /* Frameworks */,
				CB9A9AA52C0BB13E0073817C /* Resources */,
				CB7C05BA2C128B7E001A0062 /* Embed Frameworks */,
			);
			buildRules = (
			);
			dependencies = (
			);
			name = "spoti-friends";
			packageProductDependencies = (
				CB7C05B72C128AC4001A0062 /* RealmSwift */,
				CB59BCC82C30A5370061C99B /* UIImageColors */,
			);
			productName = "spoti-friends";
			productReference = CB9A9AA72C0BB13E0073817C /* spoti-friends.app */;
			productType = "com.apple.product-type.application";
		};
/* End PBXNativeTarget section */

/* Begin PBXProject section */
		CB9A9A9F2C0BB13E0073817C /* Project object */ = {
			isa = PBXProject;
			attributes = {
				BuildIndependentTargetsInParallel = 1;
				LastSwiftUpdateCheck = 1430;
				LastUpgradeCheck = 1540;
				TargetAttributes = {
					CB9A9AA62C0BB13E0073817C = {
						CreatedOnToolsVersion = 14.3.1;
					};
				};
			};
			buildConfigurationList = CB9A9AA22C0BB13E0073817C /* Build configuration list for PBXProject "spoti-friends" */;
			compatibilityVersion = "Xcode 14.0";
			developmentRegion = en;
			hasScannedForEncodings = 0;
			knownRegions = (
				en,
				Base,
			);
			mainGroup = CB9A9A9E2C0BB13E0073817C;
			packageReferences = (
				CB7C05B62C128AC4001A0062 /* XCRemoteSwiftPackageReference "realm-swift" */,
				CB59BCC72C30A5370061C99B /* XCRemoteSwiftPackageReference "UIImageColors" */,
			);
			productRefGroup = CB9A9AA82C0BB13E0073817C /* Products */;
			projectDirPath = "";
			projectRoot = "";
			targets = (
				CB9A9AA62C0BB13E0073817C /* spoti-friends */,
			);
		};
/* End PBXProject section */

/* Begin PBXResourcesBuildPhase section */
		CB9A9AA52C0BB13E0073817C /* Resources */ = {
			isa = PBXResourcesBuildPhase;
			buildActionMask = 2147483647;
			files = (
				CB9A9AB22C0BB13F0073817C /* Preview Assets.xcassets in Resources */,
				CB9A9AAF2C0BB13F0073817C /* Assets.xcassets in Resources */,
			);
			runOnlyForDeploymentPostprocessing = 0;
		};
/* End PBXResourcesBuildPhase section */

/* Begin PBXSourcesBuildPhase section */
		CB9A9AA32C0BB13E0073817C /* Sources */ = {
			isa = PBXSourcesBuildPhase;
			buildActionMask = 2147483647;
			files = (
				CB875CB72C35220C001B364D /* AlbumMock.swift in Sources */,
				CB3B61812C1F83AE0088DFA1 /* AuthenticatedView.swift in Sources */,
				CB9A9ADC2C0BEC080073817C /* FriendActivityView.swift in Sources */,
				CB59BCB52C2FA08D0061C99B /* ListeningActivityCard.swift in Sources */,
				CB3B617F2C1BDFB00088DFA1 /* PageTitle.swift in Sources */,
				CBC75F582C37A6B200442795 /* TrackTimestampView.swift in Sources */,
				CB875CB52C35195E001B364D /* SpotifyProfileMock.swift in Sources */,
				CB0854C92C1573D10088E87D /* Constants.swift in Sources */,
				CB0854BE2C14F0580088E87D /* SignInButton.swift in Sources */,
				CB875CAC2C313494001B364D /* GetListOfUsersFriends.swift in Sources */,
				CB875CBD2C352652001B364D /* TrackContextMock.swift in Sources */,
				CB59BCBF2C2FAFB30061C99B /* AlbumCover.swift in Sources */,
				CB3417FB2C180D3D00BE70A8 /* SpotifyAPIError.swift in Sources */,
				CB875CAE2C31507E001B364D /* FriendActivityViewModel.swift in Sources */,
				CB9A9AE02C0C22D70073817C /* SpotifyAuth.swift in Sources */,
				CB59BCD02C30FA360061C99B /* RotatingSyncIcon.swift in Sources */,
				CBC75F522C3673DF00442795 /* TimeUtils.swift in Sources */,
				CB3417FF2C1BDBC800BE70A8 /* ProfileView.swift in Sources */,
				CB37249A2C3B2AAF004883D1 /* ProfileViewModel.swift in Sources */,
				CB8D3C2E2C0D28C000C493E8 /* CodeChallenge.swift in Sources */,
				CB7C05B52C1191EC001A0062 /* UnauthenticatedView.swift in Sources */,
				CB875CB92C3524B4001B364D /* TrackMock.swift in Sources */,
				CB7C05B32C1191BA001A0062 /* AuthorizationDeniedView.swift in Sources */,
				CB59BCB72C2FAB890061C99B /* ProfileImage.swift in Sources */,
				CB0854B82C1404710088E87D /* AuthorizationViewModel.swift in Sources */,
				CB7C05AD2C0EEEA2001A0062 /* AuthorizationConstants.swift in Sources */,
				CB0854C32C15583A0088E87D /* RealmDatabase.swift in Sources */,
				CBC75F562C36770500442795 /* ListeningActivityDetails.swift in Sources */,
				CB0854C72C15723C0088E87D /* SpotifyAPI.swift in Sources */,
				CB875CC02C352A4E001B364D /* ListeningActivityCardMock.swift in Sources */,
				CB9A9AAD2C0BB13E0073817C /* RootView.swift in Sources */,
				CB9A9AAB2C0BB13E0073817C /* spotifriendsApp.swift in Sources */,
				CB875CB22C33C4D6001B364D /* UserMock.swift in Sources */,
				CB7C05A92C0EBB25001A0062 /* User.swift in Sources */,
				CB59BCCE2C30BA470061C99B /* ImageUtils.swift in Sources */,
				CB7C05A22C0EAB3B001A0062 /* AuthErrors.swift in Sources */,
				CB9A9ADA2C0BE2EE0073817C /* ColourExtension.swift in Sources */,
				CB875CBB2C3525C3001B364D /* ArtistMock.swift in Sources */,
				CB7C05B02C0EEF7F001A0062 /* Types.swift in Sources */,
				CB7C05A42C0EB4DB001A0062 /* Utils.swift in Sources */,
				CB3724972C3B27CA004883D1 /* ProfileDetails.swift in Sources */,
				CB0854CB2C1574FE0088E87D /* SpotifyProfile.swift in Sources */,
				CB0854BC2C14D58E0088E87D /* AuthorizationWebView.swift in Sources */,
			);
			runOnlyForDeploymentPostprocessing = 0;
		};
/* End PBXSourcesBuildPhase section */

/* Begin XCBuildConfiguration section */
		CB9A9ACE2C0BB13F0073817C /* Debug */ = {
			isa = XCBuildConfiguration;
			buildSettings = {
				ALWAYS_SEARCH_USER_PATHS = NO;
				CLANG_ANALYZER_NONNULL = YES;
				CLANG_ANALYZER_NUMBER_OBJECT_CONVERSION = YES_AGGRESSIVE;
				CLANG_CXX_LANGUAGE_STANDARD = "gnu++20";
				CLANG_ENABLE_MODULES = YES;
				CLANG_ENABLE_OBJC_ARC = YES;
				CLANG_ENABLE_OBJC_WEAK = YES;
				CLANG_WARN_BLOCK_CAPTURE_AUTORELEASING = YES;
				CLANG_WARN_BOOL_CONVERSION = YES;
				CLANG_WARN_COMMA = YES;
				CLANG_WARN_CONSTANT_CONVERSION = YES;
				CLANG_WARN_DEPRECATED_OBJC_IMPLEMENTATIONS = YES;
				CLANG_WARN_DIRECT_OBJC_ISA_USAGE = YES_ERROR;
				CLANG_WARN_DOCUMENTATION_COMMENTS = YES;
				CLANG_WARN_EMPTY_BODY = YES;
				CLANG_WARN_ENUM_CONVERSION = YES;
				CLANG_WARN_INFINITE_RECURSION = YES;
				CLANG_WARN_INT_CONVERSION = YES;
				CLANG_WARN_NON_LITERAL_NULL_CONVERSION = YES;
				CLANG_WARN_OBJC_IMPLICIT_RETAIN_SELF = YES;
				CLANG_WARN_OBJC_LITERAL_CONVERSION = YES;
				CLANG_WARN_OBJC_ROOT_CLASS = YES_ERROR;
				CLANG_WARN_QUOTED_INCLUDE_IN_FRAMEWORK_HEADER = YES;
				CLANG_WARN_RANGE_LOOP_ANALYSIS = YES;
				CLANG_WARN_STRICT_PROTOTYPES = YES;
				CLANG_WARN_SUSPICIOUS_MOVE = YES;
				CLANG_WARN_UNGUARDED_AVAILABILITY = YES_AGGRESSIVE;
				CLANG_WARN_UNREACHABLE_CODE = YES;
				CLANG_WARN__DUPLICATE_METHOD_MATCH = YES;
				COPY_PHASE_STRIP = NO;
				DEBUG_INFORMATION_FORMAT = dwarf;
				ENABLE_STRICT_OBJC_MSGSEND = YES;
				ENABLE_TESTABILITY = YES;
				ENABLE_USER_SCRIPT_SANDBOXING = YES;
				GCC_C_LANGUAGE_STANDARD = gnu11;
				GCC_DYNAMIC_NO_PIC = NO;
				GCC_NO_COMMON_BLOCKS = YES;
				GCC_OPTIMIZATION_LEVEL = 0;
				GCC_PREPROCESSOR_DEFINITIONS = (
					"DEBUG=1",
					"$(inherited)",
				);
				GCC_WARN_64_TO_32_BIT_CONVERSION = YES;
				GCC_WARN_ABOUT_RETURN_TYPE = YES_ERROR;
				GCC_WARN_UNDECLARED_SELECTOR = YES;
				GCC_WARN_UNINITIALIZED_AUTOS = YES_AGGRESSIVE;
				GCC_WARN_UNUSED_FUNCTION = YES;
				GCC_WARN_UNUSED_VARIABLE = YES;
				IPHONEOS_DEPLOYMENT_TARGET = 17.0;
				MTL_ENABLE_DEBUG_INFO = INCLUDE_SOURCE;
				MTL_FAST_MATH = YES;
				ONLY_ACTIVE_ARCH = YES;
				SDKROOT = iphoneos;
				SWIFT_ACTIVE_COMPILATION_CONDITIONS = DEBUG;
				SWIFT_OPTIMIZATION_LEVEL = "-Onone";
				SWIFT_STRICT_CONCURRENCY = minimal;
			};
			name = Debug;
		};
		CB9A9ACF2C0BB13F0073817C /* Release */ = {
			isa = XCBuildConfiguration;
			buildSettings = {
				ALWAYS_SEARCH_USER_PATHS = NO;
				CLANG_ANALYZER_NONNULL = YES;
				CLANG_ANALYZER_NUMBER_OBJECT_CONVERSION = YES_AGGRESSIVE;
				CLANG_CXX_LANGUAGE_STANDARD = "gnu++20";
				CLANG_ENABLE_MODULES = YES;
				CLANG_ENABLE_OBJC_ARC = YES;
				CLANG_ENABLE_OBJC_WEAK = YES;
				CLANG_WARN_BLOCK_CAPTURE_AUTORELEASING = YES;
				CLANG_WARN_BOOL_CONVERSION = YES;
				CLANG_WARN_COMMA = YES;
				CLANG_WARN_CONSTANT_CONVERSION = YES;
				CLANG_WARN_DEPRECATED_OBJC_IMPLEMENTATIONS = YES;
				CLANG_WARN_DIRECT_OBJC_ISA_USAGE = YES_ERROR;
				CLANG_WARN_DOCUMENTATION_COMMENTS = YES;
				CLANG_WARN_EMPTY_BODY = YES;
				CLANG_WARN_ENUM_CONVERSION = YES;
				CLANG_WARN_INFINITE_RECURSION = YES;
				CLANG_WARN_INT_CONVERSION = YES;
				CLANG_WARN_NON_LITERAL_NULL_CONVERSION = YES;
				CLANG_WARN_OBJC_IMPLICIT_RETAIN_SELF = YES;
				CLANG_WARN_OBJC_LITERAL_CONVERSION = YES;
				CLANG_WARN_OBJC_ROOT_CLASS = YES_ERROR;
				CLANG_WARN_QUOTED_INCLUDE_IN_FRAMEWORK_HEADER = YES;
				CLANG_WARN_RANGE_LOOP_ANALYSIS = YES;
				CLANG_WARN_STRICT_PROTOTYPES = YES;
				CLANG_WARN_SUSPICIOUS_MOVE = YES;
				CLANG_WARN_UNGUARDED_AVAILABILITY = YES_AGGRESSIVE;
				CLANG_WARN_UNREACHABLE_CODE = YES;
				CLANG_WARN__DUPLICATE_METHOD_MATCH = YES;
				COPY_PHASE_STRIP = NO;
				DEBUG_INFORMATION_FORMAT = "dwarf-with-dsym";
				ENABLE_NS_ASSERTIONS = NO;
				ENABLE_STRICT_OBJC_MSGSEND = YES;
				ENABLE_USER_SCRIPT_SANDBOXING = YES;
				GCC_C_LANGUAGE_STANDARD = gnu11;
				GCC_NO_COMMON_BLOCKS = YES;
				GCC_WARN_64_TO_32_BIT_CONVERSION = YES;
				GCC_WARN_ABOUT_RETURN_TYPE = YES_ERROR;
				GCC_WARN_UNDECLARED_SELECTOR = YES;
				GCC_WARN_UNINITIALIZED_AUTOS = YES_AGGRESSIVE;
				GCC_WARN_UNUSED_FUNCTION = YES;
				GCC_WARN_UNUSED_VARIABLE = YES;
				IPHONEOS_DEPLOYMENT_TARGET = 17.0;
				MTL_ENABLE_DEBUG_INFO = NO;
				MTL_FAST_MATH = YES;
				SDKROOT = iphoneos;
				SWIFT_COMPILATION_MODE = wholemodule;
				SWIFT_OPTIMIZATION_LEVEL = "-O";
				SWIFT_STRICT_CONCURRENCY = minimal;
				VALIDATE_PRODUCT = YES;
			};
			name = Release;
		};
		CB9A9AD12C0BB13F0073817C /* Debug */ = {
			isa = XCBuildConfiguration;
			buildSettings = {
				ASSETCATALOG_COMPILER_APPICON_NAME = AppIcon;
				ASSETCATALOG_COMPILER_GLOBAL_ACCENT_COLOR_NAME = AccentColor;
				CODE_SIGN_STYLE = Automatic;
				CURRENT_PROJECT_VERSION = 1;
				DEVELOPMENT_ASSET_PATHS = "\"spoti-friends/Preview Content\"";
				DEVELOPMENT_TEAM = FD57SWWZ5D;
				ENABLE_PREVIEWS = YES;
				GENERATE_INFOPLIST_FILE = YES;
				INFOPLIST_FILE = "spoti-friends/Info.plist";
				INFOPLIST_KEY_UIApplicationSceneManifest_Generation = YES;
				INFOPLIST_KEY_UIApplicationSupportsIndirectInputEvents = YES;
				INFOPLIST_KEY_UILaunchScreen_Generation = YES;
				INFOPLIST_KEY_UISupportedInterfaceOrientations_iPad = "UIInterfaceOrientationPortrait UIInterfaceOrientationPortraitUpsideDown UIInterfaceOrientationLandscapeLeft UIInterfaceOrientationLandscapeRight";
				INFOPLIST_KEY_UISupportedInterfaceOrientations_iPhone = "UIInterfaceOrientationPortrait UIInterfaceOrientationLandscapeLeft UIInterfaceOrientationLandscapeRight";
				IPHONEOS_DEPLOYMENT_TARGET = 17.0;
				LD_RUNPATH_SEARCH_PATHS = (
					"$(inherited)",
					"@executable_path/Frameworks",
				);
				MARKETING_VERSION = 1.0;
				PRODUCT_BUNDLE_IDENTIFIER = "com.yousufhassan.spoti-friends";
				PRODUCT_NAME = "$(TARGET_NAME)";
				SWIFT_EMIT_LOC_STRINGS = YES;
				SWIFT_VERSION = 5.0;
				TARGETED_DEVICE_FAMILY = "1,2";
			};
			name = Debug;
		};
		CB9A9AD22C0BB13F0073817C /* Release */ = {
			isa = XCBuildConfiguration;
			buildSettings = {
				ASSETCATALOG_COMPILER_APPICON_NAME = AppIcon;
				ASSETCATALOG_COMPILER_GLOBAL_ACCENT_COLOR_NAME = AccentColor;
				CODE_SIGN_STYLE = Automatic;
				CURRENT_PROJECT_VERSION = 1;
				DEVELOPMENT_ASSET_PATHS = "\"spoti-friends/Preview Content\"";
				DEVELOPMENT_TEAM = FD57SWWZ5D;
				ENABLE_PREVIEWS = YES;
				GENERATE_INFOPLIST_FILE = YES;
				INFOPLIST_FILE = "spoti-friends/Info.plist";
				INFOPLIST_KEY_UIApplicationSceneManifest_Generation = YES;
				INFOPLIST_KEY_UIApplicationSupportsIndirectInputEvents = YES;
				INFOPLIST_KEY_UILaunchScreen_Generation = YES;
				INFOPLIST_KEY_UISupportedInterfaceOrientations_iPad = "UIInterfaceOrientationPortrait UIInterfaceOrientationPortraitUpsideDown UIInterfaceOrientationLandscapeLeft UIInterfaceOrientationLandscapeRight";
				INFOPLIST_KEY_UISupportedInterfaceOrientations_iPhone = "UIInterfaceOrientationPortrait UIInterfaceOrientationLandscapeLeft UIInterfaceOrientationLandscapeRight";
				IPHONEOS_DEPLOYMENT_TARGET = 17.0;
				LD_RUNPATH_SEARCH_PATHS = (
					"$(inherited)",
					"@executable_path/Frameworks",
				);
				MARKETING_VERSION = 1.0;
				PRODUCT_BUNDLE_IDENTIFIER = "com.yousufhassan.spoti-friends";
				PRODUCT_NAME = "$(TARGET_NAME)";
				SWIFT_EMIT_LOC_STRINGS = YES;
				SWIFT_VERSION = 5.0;
				TARGETED_DEVICE_FAMILY = "1,2";
			};
			name = Release;
		};
/* End XCBuildConfiguration section */

/* Begin XCConfigurationList section */
		CB9A9AA22C0BB13E0073817C /* Build configuration list for PBXProject "spoti-friends" */ = {
			isa = XCConfigurationList;
			buildConfigurations = (
				CB9A9ACE2C0BB13F0073817C /* Debug */,
				CB9A9ACF2C0BB13F0073817C /* Release */,
			);
			defaultConfigurationIsVisible = 0;
			defaultConfigurationName = Release;
		};
		CB9A9AD02C0BB13F0073817C /* Build configuration list for PBXNativeTarget "spoti-friends" */ = {
			isa = XCConfigurationList;
			buildConfigurations = (
				CB9A9AD12C0BB13F0073817C /* Debug */,
				CB9A9AD22C0BB13F0073817C /* Release */,
			);
			defaultConfigurationIsVisible = 0;
			defaultConfigurationName = Release;
		};
/* End XCConfigurationList section */

/* Begin XCRemoteSwiftPackageReference section */
		CB59BCC72C30A5370061C99B /* XCRemoteSwiftPackageReference "UIImageColors" */ = {
			isa = XCRemoteSwiftPackageReference;
			repositoryURL = "https://github.com/jathu/UIImageColors";
			requirement = {
				kind = upToNextMajorVersion;
				minimumVersion = 2.2.0;
			};
		};
		CB7C05B62C128AC4001A0062 /* XCRemoteSwiftPackageReference "realm-swift" */ = {
			isa = XCRemoteSwiftPackageReference;
			repositoryURL = "https://github.com/realm/realm-swift.git";
			requirement = {
				kind = upToNextMajorVersion;
				minimumVersion = 10.51.0;
			};
		};
/* End XCRemoteSwiftPackageReference section */

/* Begin XCSwiftPackageProductDependency section */
		CB59BCC82C30A5370061C99B /* UIImageColors */ = {
			isa = XCSwiftPackageProductDependency;
			package = CB59BCC72C30A5370061C99B /* XCRemoteSwiftPackageReference "UIImageColors" */;
			productName = UIImageColors;
		};
		CB7C05B72C128AC4001A0062 /* RealmSwift */ = {
			isa = XCSwiftPackageProductDependency;
			package = CB7C05B62C128AC4001A0062 /* XCRemoteSwiftPackageReference "realm-swift" */;
			productName = RealmSwift;
		};
/* End XCSwiftPackageProductDependency section */
	};
	rootObject = CB9A9A9F2C0BB13E0073817C /* Project object */;
}
