// !$*UTF8*$!
{
	archiveVersion = 1;
	classes = {
	};
	objectVersion = 56;
	objects = {

/* Begin PBXBuildFile section */
		CB9A9AAB2C0BB13E0073817C /* spotifriendsApp.swift in Sources */ = {isa = PBXBuildFile; fileRef = CB9A9AAA2C0BB13E0073817C /* spotifriendsApp.swift */; };
		CB9A9AAD2C0BB13E0073817C /* UnauthenticatedHomeView.swift in Sources */ = {isa = PBXBuildFile; fileRef = CB9A9AAC2C0BB13E0073817C /* UnauthenticatedHomeView.swift */; };
		CB9A9AAF2C0BB13F0073817C /* Assets.xcassets in Resources */ = {isa = PBXBuildFile; fileRef = CB9A9AAE2C0BB13F0073817C /* Assets.xcassets */; };
		CB9A9AB22C0BB13F0073817C /* Preview Assets.xcassets in Resources */ = {isa = PBXBuildFile; fileRef = CB9A9AB12C0BB13F0073817C /* Preview Assets.xcassets */; };
		CB9A9ADA2C0BE2EE0073817C /* ColourExtension.swift in Sources */ = {isa = PBXBuildFile; fileRef = CB9A9AD92C0BE2EE0073817C /* ColourExtension.swift */; };
		CB9A9ADC2C0BEC080073817C /* FriendActivityView.swift in Sources */ = {isa = PBXBuildFile; fileRef = CB9A9ADB2C0BEC080073817C /* FriendActivityView.swift */; };
/* End PBXBuildFile section */

/* Begin PBXContainerItemProxy section */
		CB9A9ABD2C0BB13F0073817C /* PBXContainerItemProxy */ = {
			isa = PBXContainerItemProxy;
			containerPortal = CB9A9A9F2C0BB13E0073817C /* Project object */;
			proxyType = 1;
			remoteGlobalIDString = CB9A9AA62C0BB13E0073817C;
			remoteInfo = "spoti-friends";
		};
		CB9A9AC72C0BB13F0073817C /* PBXContainerItemProxy */ = {
			isa = PBXContainerItemProxy;
			containerPortal = CB9A9A9F2C0BB13E0073817C /* Project object */;
			proxyType = 1;
			remoteGlobalIDString = CB9A9AA62C0BB13E0073817C;
			remoteInfo = "spoti-friends";
		};
/* End PBXContainerItemProxy section */

/* Begin PBXFileReference section */
		CB9A9AA72C0BB13E0073817C /* spoti-friends.app */ = {isa = PBXFileReference; explicitFileType = wrapper.application; includeInIndex = 0; path = "spoti-friends.app"; sourceTree = BUILT_PRODUCTS_DIR; };
		CB9A9AAA2C0BB13E0073817C /* spotifriendsApp.swift */ = {isa = PBXFileReference; lastKnownFileType = sourcecode.swift; path = spotifriendsApp.swift; sourceTree = "<group>"; };
		CB9A9AAC2C0BB13E0073817C /* UnauthenticatedHomeView.swift */ = {isa = PBXFileReference; lastKnownFileType = sourcecode.swift; path = UnauthenticatedHomeView.swift; sourceTree = "<group>"; };
		CB9A9AAE2C0BB13F0073817C /* Assets.xcassets */ = {isa = PBXFileReference; lastKnownFileType = folder.assetcatalog; path = Assets.xcassets; sourceTree = "<group>"; };
		CB9A9AB12C0BB13F0073817C /* Preview Assets.xcassets */ = {isa = PBXFileReference; lastKnownFileType = folder.assetcatalog; path = "Preview Assets.xcassets"; sourceTree = "<group>"; };
		CB9A9ABC2C0BB13F0073817C /* spoti-friendsTests.xctest */ = {isa = PBXFileReference; explicitFileType = wrapper.cfbundle; includeInIndex = 0; path = "spoti-friendsTests.xctest"; sourceTree = BUILT_PRODUCTS_DIR; };
		CB9A9AC62C0BB13F0073817C /* spoti-friendsUITests.xctest */ = {isa = PBXFileReference; explicitFileType = wrapper.cfbundle; includeInIndex = 0; path = "spoti-friendsUITests.xctest"; sourceTree = BUILT_PRODUCTS_DIR; };
		CB9A9AD92C0BE2EE0073817C /* ColourExtension.swift */ = {isa = PBXFileReference; lastKnownFileType = sourcecode.swift; path = ColourExtension.swift; sourceTree = "<group>"; };
		CB9A9ADB2C0BEC080073817C /* FriendActivityView.swift */ = {isa = PBXFileReference; lastKnownFileType = sourcecode.swift; path = FriendActivityView.swift; sourceTree = "<group>"; };
/* End PBXFileReference section */

/* Begin PBXFrameworksBuildPhase section */
		CB9A9AA42C0BB13E0073817C /* Frameworks */ = {
			isa = PBXFrameworksBuildPhase;
			buildActionMask = 2147483647;
			files = (
			);
			runOnlyForDeploymentPostprocessing = 0;
		};
		CB9A9AB92C0BB13F0073817C /* Frameworks */ = {
			isa = PBXFrameworksBuildPhase;
			buildActionMask = 2147483647;
			files = (
			);
			runOnlyForDeploymentPostprocessing = 0;
		};
		CB9A9AC32C0BB13F0073817C /* Frameworks */ = {
			isa = PBXFrameworksBuildPhase;
			buildActionMask = 2147483647;
			files = (
			);
			runOnlyForDeploymentPostprocessing = 0;
		};
/* End PBXFrameworksBuildPhase section */

/* Begin PBXGroup section */
		CB9A9A9E2C0BB13E0073817C = {
			isa = PBXGroup;
			children = (
				CB9A9AA92C0BB13E0073817C /* spoti-friends */,
				CB9A9AA82C0BB13E0073817C /* Products */,
			);
			sourceTree = "<group>";
		};
		CB9A9AA82C0BB13E0073817C /* Products */ = {
			isa = PBXGroup;
			children = (
				CB9A9AA72C0BB13E0073817C /* spoti-friends.app */,
				CB9A9ABC2C0BB13F0073817C /* spoti-friendsTests.xctest */,
				CB9A9AC62C0BB13F0073817C /* spoti-friendsUITests.xctest */,
			);
			name = Products;
			sourceTree = "<group>";
		};
		CB9A9AA92C0BB13E0073817C /* spoti-friends */ = {
			isa = PBXGroup;
			children = (
				CB9A9ADD2C0BEC170073817C /* src */,
				CB9A9AAE2C0BB13F0073817C /* Assets.xcassets */,
				CB9A9AB02C0BB13F0073817C /* Preview Content */,
			);
			path = "spoti-friends";
			sourceTree = "<group>";
		};
		CB9A9AB02C0BB13F0073817C /* Preview Content */ = {
			isa = PBXGroup;
			children = (
				CB9A9AB12C0BB13F0073817C /* Preview Assets.xcassets */,
			);
			path = "Preview Content";
			sourceTree = "<group>";
		};
		CB9A9ADD2C0BEC170073817C /* src */ = {
			isa = PBXGroup;
			children = (
				CB9A9AAA2C0BB13E0073817C /* spotifriendsApp.swift */,
				CB9A9AAC2C0BB13E0073817C /* UnauthenticatedHomeView.swift */,
				CB9A9AD92C0BE2EE0073817C /* ColourExtension.swift */,
				CB9A9ADB2C0BEC080073817C /* FriendActivityView.swift */,
			);
			path = src;
			sourceTree = "<group>";
		};
/* End PBXGroup section */

/* Begin PBXNativeTarget section */
		CB9A9AA62C0BB13E0073817C /* spoti-friends */ = {
			isa = PBXNativeTarget;
			buildConfigurationList = CB9A9AD02C0BB13F0073817C /* Build configuration list for PBXNativeTarget "spoti-friends" */;
			buildPhases = (
				CB9A9AA32C0BB13E0073817C /* Sources */,
				CB9A9AA42C0BB13E0073817C /* Frameworks */,
				CB9A9AA52C0BB13E0073817C /* Resources */,
			);
			buildRules = (
			);
			dependencies = (
			);
			name = "spoti-friends";
			productName = "spoti-friends";
			productReference = CB9A9AA72C0BB13E0073817C /* spoti-friends.app */;
			productType = "com.apple.product-type.application";
		};
		CB9A9ABB2C0BB13F0073817C /* spoti-friendsTests */ = {
			isa = PBXNativeTarget;
			buildConfigurationList = CB9A9AD32C0BB13F0073817C /* Build configuration list for PBXNativeTarget "spoti-friendsTests" */;
			buildPhases = (
				CB9A9AB82C0BB13F0073817C /* Sources */,
				CB9A9AB92C0BB13F0073817C /* Frameworks */,
				CB9A9ABA2C0BB13F0073817C /* Resources */,
			);
			buildRules = (
			);
			dependencies = (
				CB9A9ABE2C0BB13F0073817C /* PBXTargetDependency */,
			);
			name = "spoti-friendsTests";
			productName = "spoti-friendsTests";
			productReference = CB9A9ABC2C0BB13F0073817C /* spoti-friendsTests.xctest */;
			productType = "com.apple.product-type.bundle.unit-test";
		};
		CB9A9AC52C0BB13F0073817C /* spoti-friendsUITests */ = {
			isa = PBXNativeTarget;
			buildConfigurationList = CB9A9AD62C0BB13F0073817C /* Build configuration list for PBXNativeTarget "spoti-friendsUITests" */;
			buildPhases = (
				CB9A9AC22C0BB13F0073817C /* Sources */,
				CB9A9AC32C0BB13F0073817C /* Frameworks */,
				CB9A9AC42C0BB13F0073817C /* Resources */,
			);
			buildRules = (
			);
			dependencies = (
				CB9A9AC82C0BB13F0073817C /* PBXTargetDependency */,
			);
			name = "spoti-friendsUITests";
			productName = "spoti-friendsUITests";
			productReference = CB9A9AC62C0BB13F0073817C /* spoti-friendsUITests.xctest */;
			productType = "com.apple.product-type.bundle.ui-testing";
		};
/* End PBXNativeTarget section */

/* Begin PBXProject section */
		CB9A9A9F2C0BB13E0073817C /* Project object */ = {
			isa = PBXProject;
			attributes = {
				BuildIndependentTargetsInParallel = 1;
				LastSwiftUpdateCheck = 1430;
				LastUpgradeCheck = 1430;
				TargetAttributes = {
					CB9A9AA62C0BB13E0073817C = {
						CreatedOnToolsVersion = 14.3.1;
					};
					CB9A9ABB2C0BB13F0073817C = {
						CreatedOnToolsVersion = 14.3.1;
						TestTargetID = CB9A9AA62C0BB13E0073817C;
					};
					CB9A9AC52C0BB13F0073817C = {
						CreatedOnToolsVersion = 14.3.1;
						TestTargetID = CB9A9AA62C0BB13E0073817C;
					};
				};
			};
			buildConfigurationList = CB9A9AA22C0BB13E0073817C /* Build configuration list for PBXProject "spoti-friends" */;
			compatibilityVersion = "Xcode 14.0";
			developmentRegion = en;
			hasScannedForEncodings = 0;
			knownRegions = (
				en,
				Base,
			);
			mainGroup = CB9A9A9E2C0BB13E0073817C;
			productRefGroup = CB9A9AA82C0BB13E0073817C /* Products */;
			projectDirPath = "";
			projectRoot = "";
			targets = (
				CB9A9AA62C0BB13E0073817C /* spoti-friends */,
				CB9A9ABB2C0BB13F0073817C /* spoti-friendsTests */,
				CB9A9AC52C0BB13F0073817C /* spoti-friendsUITests */,
			);
		};
/* End PBXProject section */

/* Begin PBXResourcesBuildPhase section */
		CB9A9AA52C0BB13E0073817C /* Resources */ = {
			isa = PBXResourcesBuildPhase;
			buildActionMask = 2147483647;
			files = (
				CB9A9AB22C0BB13F0073817C /* Preview Assets.xcassets in Resources */,
				CB9A9AAF2C0BB13F0073817C /* Assets.xcassets in Resources */,
			);
			runOnlyForDeploymentPostprocessing = 0;
		};
		CB9A9ABA2C0BB13F0073817C /* Resources */ = {
			isa = PBXResourcesBuildPhase;
			buildActionMask = 2147483647;
			files = (
			);
			runOnlyForDeploymentPostprocessing = 0;
		};
		CB9A9AC42C0BB13F0073817C /* Resources */ = {
			isa = PBXResourcesBuildPhase;
			buildActionMask = 2147483647;
			files = (
			);
			runOnlyForDeploymentPostprocessing = 0;
		};
/* End PBXResourcesBuildPhase section */

/* Begin PBXSourcesBuildPhase section */
		CB9A9AA32C0BB13E0073817C /* Sources */ = {
			isa = PBXSourcesBuildPhase;
			buildActionMask = 2147483647;
			files = (
				CB9A9ADC2C0BEC080073817C /* FriendActivityView.swift in Sources */,
				CB9A9AAD2C0BB13E0073817C /* UnauthenticatedHomeView.swift in Sources */,
				CB9A9AAB2C0BB13E0073817C /* spotifriendsApp.swift in Sources */,
				CB9A9ADA2C0BE2EE0073817C /* ColourExtension.swift in Sources */,
			);
			runOnlyForDeploymentPostprocessing = 0;
		};
		CB9A9AB82C0BB13F0073817C /* Sources */ = {
			isa = PBXSourcesBuildPhase;
			buildActionMask = 2147483647;
			files = (
			);
			runOnlyForDeploymentPostprocessing = 0;
		};
		CB9A9AC22C0BB13F0073817C /* Sources */ = {
			isa = PBXSourcesBuildPhase;
			buildActionMask = 2147483647;
			files = (
			);
			runOnlyForDeploymentPostprocessing = 0;
		};
/* End PBXSourcesBuildPhase section */

/* Begin PBXTargetDependency section */
		CB9A9ABE2C0BB13F0073817C /* PBXTargetDependency */ = {
			isa = PBXTargetDependency;
			target = CB9A9AA62C0BB13E0073817C /* spoti-friends */;
			targetProxy = CB9A9ABD2C0BB13F0073817C /* PBXContainerItemProxy */;
		};
		CB9A9AC82C0BB13F0073817C /* PBXTargetDependency */ = {
			isa = PBXTargetDependency;
			target = CB9A9AA62C0BB13E0073817C /* spoti-friends */;
			targetProxy = CB9A9AC72C0BB13F0073817C /* PBXContainerItemProxy */;
		};
/* End PBXTargetDependency section */

/* Begin XCBuildConfiguration section */
		CB9A9ACE2C0BB13F0073817C /* Debug */ = {
			isa = XCBuildConfiguration;
			buildSettings = {
				ALWAYS_SEARCH_USER_PATHS = NO;
				CLANG_ANALYZER_NONNULL = YES;
				CLANG_ANALYZER_NUMBER_OBJECT_CONVERSION = YES_AGGRESSIVE;
				CLANG_CXX_LANGUAGE_STANDARD = "gnu++20";
				CLANG_ENABLE_MODULES = YES;
				CLANG_ENABLE_OBJC_ARC = YES;
				CLANG_ENABLE_OBJC_WEAK = YES;
				CLANG_WARN_BLOCK_CAPTURE_AUTORELEASING = YES;
				CLANG_WARN_BOOL_CONVERSION = YES;
				CLANG_WARN_COMMA = YES;
				CLANG_WARN_CONSTANT_CONVERSION = YES;
				CLANG_WARN_DEPRECATED_OBJC_IMPLEMENTATIONS = YES;
				CLANG_WARN_DIRECT_OBJC_ISA_USAGE = YES_ERROR;
				CLANG_WARN_DOCUMENTATION_COMMENTS = YES;
				CLANG_WARN_EMPTY_BODY = YES;
				CLANG_WARN_ENUM_CONVERSION = YES;
				CLANG_WARN_INFINITE_RECURSION = YES;
				CLANG_WARN_INT_CONVERSION = YES;
				CLANG_WARN_NON_LITERAL_NULL_CONVERSION = YES;
				CLANG_WARN_OBJC_IMPLICIT_RETAIN_SELF = YES;
				CLANG_WARN_OBJC_LITERAL_CONVERSION = YES;
				CLANG_WARN_OBJC_ROOT_CLASS = YES_ERROR;
				CLANG_WARN_QUOTED_INCLUDE_IN_FRAMEWORK_HEADER = YES;
				CLANG_WARN_RANGE_LOOP_ANALYSIS = YES;
				CLANG_WARN_STRICT_PROTOTYPES = YES;
				CLANG_WARN_SUSPICIOUS_MOVE = YES;
				CLANG_WARN_UNGUARDED_AVAILABILITY = YES_AGGRESSIVE;
				CLANG_WARN_UNREACHABLE_CODE = YES;
				CLANG_WARN__DUPLICATE_METHOD_MATCH = YES;
				COPY_PHASE_STRIP = NO;
				DEBUG_INFORMATION_FORMAT = dwarf;
				ENABLE_STRICT_OBJC_MSGSEND = YES;
				ENABLE_TESTABILITY = YES;
				GCC_C_LANGUAGE_STANDARD = gnu11;
				GCC_DYNAMIC_NO_PIC = NO;
				GCC_NO_COMMON_BLOCKS = YES;
				GCC_OPTIMIZATION_LEVEL = 0;
				GCC_PREPROCESSOR_DEFINITIONS = (
					"DEBUG=1",
					"$(inherited)",
				);
				GCC_WARN_64_TO_32_BIT_CONVERSION = YES;
				GCC_WARN_ABOUT_RETURN_TYPE = YES_ERROR;
				GCC_WARN_UNDECLARED_SELECTOR = YES;
				GCC_WARN_UNINITIALIZED_AUTOS = YES_AGGRESSIVE;
				GCC_WARN_UNUSED_FUNCTION = YES;
				GCC_WARN_UNUSED_VARIABLE = YES;
				IPHONEOS_DEPLOYMENT_TARGET = 16.4;
				MTL_ENABLE_DEBUG_INFO = INCLUDE_SOURCE;
				MTL_FAST_MATH = YES;
				ONLY_ACTIVE_ARCH = YES;
				SDKROOT = iphoneos;
				SWIFT_ACTIVE_COMPILATION_CONDITIONS = DEBUG;
				SWIFT_OPTIMIZATION_LEVEL = "-Onone";
			};
			name = Debug;
		};
		CB9A9ACF2C0BB13F0073817C /* Release */ = {
			isa = XCBuildConfiguration;
			buildSettings = {
				ALWAYS_SEARCH_USER_PATHS = NO;
				CLANG_ANALYZER_NONNULL = YES;
				CLANG_ANALYZER_NUMBER_OBJECT_CONVERSION = YES_AGGRESSIVE;
				CLANG_CXX_LANGUAGE_STANDARD = "gnu++20";
				CLANG_ENABLE_MODULES = YES;
				CLANG_ENABLE_OBJC_ARC = YES;
				CLANG_ENABLE_OBJC_WEAK = YES;
				CLANG_WARN_BLOCK_CAPTURE_AUTORELEASING = YES;
				CLANG_WARN_BOOL_CONVERSION = YES;
				CLANG_WARN_COMMA = YES;
				CLANG_WARN_CONSTANT_CONVERSION = YES;
				CLANG_WARN_DEPRECATED_OBJC_IMPLEMENTATIONS = YES;
				CLANG_WARN_DIRECT_OBJC_ISA_USAGE = YES_ERROR;
				CLANG_WARN_DOCUMENTATION_COMMENTS = YES;
				CLANG_WARN_EMPTY_BODY = YES;
				CLANG_WARN_ENUM_CONVERSION = YES;
				CLANG_WARN_INFINITE_RECURSION = YES;
				CLANG_WARN_INT_CONVERSION = YES;
				CLANG_WARN_NON_LITERAL_NULL_CONVERSION = YES;
				CLANG_WARN_OBJC_IMPLICIT_RETAIN_SELF = YES;
				CLANG_WARN_OBJC_LITERAL_CONVERSION = YES;
				CLANG_WARN_OBJC_ROOT_CLASS = YES_ERROR;
				CLANG_WARN_QUOTED_INCLUDE_IN_FRAMEWORK_HEADER = YES;
				CLANG_WARN_RANGE_LOOP_ANALYSIS = YES;
				CLANG_WARN_STRICT_PROTOTYPES = YES;
				CLANG_WARN_SUSPICIOUS_MOVE = YES;
				CLANG_WARN_UNGUARDED_AVAILABILITY = YES_AGGRESSIVE;
				CLANG_WARN_UNREACHABLE_CODE = YES;
				CLANG_WARN__DUPLICATE_METHOD_MATCH = YES;
				COPY_PHASE_STRIP = NO;
				DEBUG_INFORMATION_FORMAT = "dwarf-with-dsym";
				ENABLE_NS_ASSERTIONS = NO;
				ENABLE_STRICT_OBJC_MSGSEND = YES;
				GCC_C_LANGUAGE_STANDARD = gnu11;
				GCC_NO_COMMON_BLOCKS = YES;
				GCC_WARN_64_TO_32_BIT_CONVERSION = YES;
				GCC_WARN_ABOUT_RETURN_TYPE = YES_ERROR;
				GCC_WARN_UNDECLARED_SELECTOR = YES;
				GCC_WARN_UNINITIALIZED_AUTOS = YES_AGGRESSIVE;
				GCC_WARN_UNUSED_FUNCTION = YES;
				GCC_WARN_UNUSED_VARIABLE = YES;
				IPHONEOS_DEPLOYMENT_TARGET = 16.4;
				MTL_ENABLE_DEBUG_INFO = NO;
				MTL_FAST_MATH = YES;
				SDKROOT = iphoneos;
				SWIFT_COMPILATION_MODE = wholemodule;
				SWIFT_OPTIMIZATION_LEVEL = "-O";
				VALIDATE_PRODUCT = YES;
			};
			name = Release;
		};
		CB9A9AD12C0BB13F0073817C /* Debug */ = {
			isa = XCBuildConfiguration;
			buildSettings = {
				ASSETCATALOG_COMPILER_APPICON_NAME = AppIcon;
				ASSETCATALOG_COMPILER_GLOBAL_ACCENT_COLOR_NAME = AccentColor;
				CODE_SIGN_STYLE = Automatic;
				CURRENT_PROJECT_VERSION = 1;
				DEVELOPMENT_ASSET_PATHS = "\"spoti-friends/Preview Content\"";
				ENABLE_PREVIEWS = YES;
				GENERATE_INFOPLIST_FILE = YES;
				INFOPLIST_KEY_UIApplicationSceneManifest_Generation = YES;
				INFOPLIST_KEY_UIApplicationSupportsIndirectInputEvents = YES;
				INFOPLIST_KEY_UILaunchScreen_Generation = YES;
				INFOPLIST_KEY_UISupportedInterfaceOrientations_iPad = "UIInterfaceOrientationPortrait UIInterfaceOrientationPortraitUpsideDown UIInterfaceOrientationLandscapeLeft UIInterfaceOrientationLandscapeRight";
				INFOPLIST_KEY_UISupportedInterfaceOrientations_iPhone = "UIInterfaceOrientationPortrait UIInterfaceOrientationLandscapeLeft UIInterfaceOrientationLandscapeRight";
				LD_RUNPATH_SEARCH_PATHS = (
					"$(inherited)",
					"@executable_path/Frameworks",
				);
				MARKETING_VERSION = 1.0;
				PRODUCT_BUNDLE_IDENTIFIER = "com.yousufhassan.spoti-friends";
				PRODUCT_NAME = "$(TARGET_NAME)";
				SWIFT_EMIT_LOC_STRINGS = YES;
				SWIFT_VERSION = 5.0;
				TARGETED_DEVICE_FAMILY = "1,2";
			};
			name = Debug;
		};
		CB9A9AD22C0BB13F0073817C /* Release */ = {
			isa = XCBuildConfiguration;
			buildSettings = {
				ASSETCATALOG_COMPILER_APPICON_NAME = AppIcon;
				ASSETCATALOG_COMPILER_GLOBAL_ACCENT_COLOR_NAME = AccentColor;
				CODE_SIGN_STYLE = Automatic;
				CURRENT_PROJECT_VERSION = 1;
				DEVELOPMENT_ASSET_PATHS = "\"spoti-friends/Preview Content\"";
				ENABLE_PREVIEWS = YES;
				GENERATE_INFOPLIST_FILE = YES;
				INFOPLIST_KEY_UIApplicationSceneManifest_Generation = YES;
				INFOPLIST_KEY_UIApplicationSupportsIndirectInputEvents = YES;
				INFOPLIST_KEY_UILaunchScreen_Generation = YES;
				INFOPLIST_KEY_UISupportedInterfaceOrientations_iPad = "UIInterfaceOrientationPortrait UIInterfaceOrientationPortraitUpsideDown UIInterfaceOrientationLandscapeLeft UIInterfaceOrientationLandscapeRight";
				INFOPLIST_KEY_UISupportedInterfaceOrientations_iPhone = "UIInterfaceOrientationPortrait UIInterfaceOrientationLandscapeLeft UIInterfaceOrientationLandscapeRight";
				LD_RUNPATH_SEARCH_PATHS = (
					"$(inherited)",
					"@executable_path/Frameworks",
				);
				MARKETING_VERSION = 1.0;
				PRODUCT_BUNDLE_IDENTIFIER = "com.yousufhassan.spoti-friends";
				PRODUCT_NAME = "$(TARGET_NAME)";
				SWIFT_EMIT_LOC_STRINGS = YES;
				SWIFT_VERSION = 5.0;
				TARGETED_DEVICE_FAMILY = "1,2";
			};
			name = Release;
		};
		CB9A9AD42C0BB13F0073817C /* Debug */ = {
			isa = XCBuildConfiguration;
			buildSettings = {
				ALWAYS_EMBED_SWIFT_STANDARD_LIBRARIES = YES;
				BUNDLE_LOADER = "$(TEST_HOST)";
				CODE_SIGN_STYLE = Automatic;
				CURRENT_PROJECT_VERSION = 1;
				GENERATE_INFOPLIST_FILE = YES;
				IPHONEOS_DEPLOYMENT_TARGET = 16.4;
				MARKETING_VERSION = 1.0;
				PRODUCT_BUNDLE_IDENTIFIER = "com.yousufhassan.spoti-friendsTests";
				PRODUCT_NAME = "$(TARGET_NAME)";
				SWIFT_EMIT_LOC_STRINGS = NO;
				SWIFT_VERSION = 5.0;
				TARGETED_DEVICE_FAMILY = "1,2";
				TEST_HOST = "$(BUILT_PRODUCTS_DIR)/spoti-friends.app/$(BUNDLE_EXECUTABLE_FOLDER_PATH)/spoti-friends";
			};
			name = Debug;
		};
		CB9A9AD52C0BB13F0073817C /* Release */ = {
			isa = XCBuildConfiguration;
			buildSettings = {
				ALWAYS_EMBED_SWIFT_STANDARD_LIBRARIES = YES;
				BUNDLE_LOADER = "$(TEST_HOST)";
				CODE_SIGN_STYLE = Automatic;
				CURRENT_PROJECT_VERSION = 1;
				GENERATE_INFOPLIST_FILE = YES;
				IPHONEOS_DEPLOYMENT_TARGET = 16.4;
				MARKETING_VERSION = 1.0;
				PRODUCT_BUNDLE_IDENTIFIER = "com.yousufhassan.spoti-friendsTests";
				PRODUCT_NAME = "$(TARGET_NAME)";
				SWIFT_EMIT_LOC_STRINGS = NO;
				SWIFT_VERSION = 5.0;
				TARGETED_DEVICE_FAMILY = "1,2";
				TEST_HOST = "$(BUILT_PRODUCTS_DIR)/spoti-friends.app/$(BUNDLE_EXECUTABLE_FOLDER_PATH)/spoti-friends";
			};
			name = Release;
		};
		CB9A9AD72C0BB13F0073817C /* Debug */ = {
			isa = XCBuildConfiguration;
			buildSettings = {
				ALWAYS_EMBED_SWIFT_STANDARD_LIBRARIES = YES;
				CODE_SIGN_STYLE = Automatic;
				CURRENT_PROJECT_VERSION = 1;
				GENERATE_INFOPLIST_FILE = YES;
				MARKETING_VERSION = 1.0;
				PRODUCT_BUNDLE_IDENTIFIER = "com.yousufhassan.spoti-friendsUITests";
				PRODUCT_NAME = "$(TARGET_NAME)";
				SWIFT_EMIT_LOC_STRINGS = NO;
				SWIFT_VERSION = 5.0;
				TARGETED_DEVICE_FAMILY = "1,2";
				TEST_TARGET_NAME = "spoti-friends";
			};
			name = Debug;
		};
		CB9A9AD82C0BB13F0073817C /* Release */ = {
			isa = XCBuildConfiguration;
			buildSettings = {
				ALWAYS_EMBED_SWIFT_STANDARD_LIBRARIES = YES;
				CODE_SIGN_STYLE = Automatic;
				CURRENT_PROJECT_VERSION = 1;
				GENERATE_INFOPLIST_FILE = YES;
				MARKETING_VERSION = 1.0;
				PRODUCT_BUNDLE_IDENTIFIER = "com.yousufhassan.spoti-friendsUITests";
				PRODUCT_NAME = "$(TARGET_NAME)";
				SWIFT_EMIT_LOC_STRINGS = NO;
				SWIFT_VERSION = 5.0;
				TARGETED_DEVICE_FAMILY = "1,2";
				TEST_TARGET_NAME = "spoti-friends";
			};
			name = Release;
		};
/* End XCBuildConfiguration section */

/* Begin XCConfigurationList section */
		CB9A9AA22C0BB13E0073817C /* Build configuration list for PBXProject "spoti-friends" */ = {
			isa = XCConfigurationList;
			buildConfigurations = (
				CB9A9ACE2C0BB13F0073817C /* Debug */,
				CB9A9ACF2C0BB13F0073817C /* Release */,
			);
			defaultConfigurationIsVisible = 0;
			defaultConfigurationName = Release;
		};
		CB9A9AD02C0BB13F0073817C /* Build configuration list for PBXNativeTarget "spoti-friends" */ = {
			isa = XCConfigurationList;
			buildConfigurations = (
				CB9A9AD12C0BB13F0073817C /* Debug */,
				CB9A9AD22C0BB13F0073817C /* Release */,
			);
			defaultConfigurationIsVisible = 0;
			defaultConfigurationName = Release;
		};
		CB9A9AD32C0BB13F0073817C /* Build configuration list for PBXNativeTarget "spoti-friendsTests" */ = {
			isa = XCConfigurationList;
			buildConfigurations = (
				CB9A9AD42C0BB13F0073817C /* Debug */,
				CB9A9AD52C0BB13F0073817C /* Release */,
			);
			defaultConfigurationIsVisible = 0;
			defaultConfigurationName = Release;
		};
		CB9A9AD62C0BB13F0073817C /* Build configuration list for PBXNativeTarget "spoti-friendsUITests" */ = {
			isa = XCConfigurationList;
			buildConfigurations = (
				CB9A9AD72C0BB13F0073817C /* Debug */,
				CB9A9AD82C0BB13F0073817C /* Release */,
			);
			defaultConfigurationIsVisible = 0;
			defaultConfigurationName = Release;
		};
/* End XCConfigurationList section */
	};
	rootObject = CB9A9A9F2C0BB13E0073817C /* Project object */;
}
